// !$*UTF8*$!
{
	archiveVersion = 1;
	classes = {
	};
	objectVersion = 46;
	objects = {

/* Begin PBXBuildFile section */
		B026C9E21D954BCF00B08509 /* main.m in Sources */ = {isa = PBXBuildFile; fileRef = B026C9E11D954BCF00B08509 /* main.m */; };
		B026C9E51D954BCF00B08509 /* AppDelegate.m in Sources */ = {isa = PBXBuildFile; fileRef = B026C9E41D954BCF00B08509 /* AppDelegate.m */; };
		B026C9E81D954BCF00B08509 /* ViewController.m in Sources */ = {isa = PBXBuildFile; fileRef = B026C9E71D954BCF00B08509 /* ViewController.m */; };
		B026C9EB1D954BCF00B08509 /* Main.storyboard in Resources */ = {isa = PBXBuildFile; fileRef = B026C9E91D954BCF00B08509 /* Main.storyboard */; };
		B026C9ED1D954BCF00B08509 /* Assets.xcassets in Resources */ = {isa = PBXBuildFile; fileRef = B026C9EC1D954BCF00B08509 /* Assets.xcassets */; };
		B026C9F01D954BCF00B08509 /* LaunchScreen.storyboard in Resources */ = {isa = PBXBuildFile; fileRef = B026C9EE1D954BCF00B08509 /* LaunchScreen.storyboard */; };
		B026CA041D954D6000B08509 /* BaseTabBarViewController.m in Sources */ = {isa = PBXBuildFile; fileRef = B026CA031D954D6000B08509 /* BaseTabBarViewController.m */; };
		B026CA081D954EA700B08509 /* MainViewController.m in Sources */ = {isa = PBXBuildFile; fileRef = B026CA071D954EA700B08509 /* MainViewController.m */; };
		B026CA0B1D954ED500B08509 /* SencondViewController.m in Sources */ = {isa = PBXBuildFile; fileRef = B026CA0A1D954ED500B08509 /* SencondViewController.m */; };
		B026CA0E1D954EE000B08509 /* ThirdViewController.m in Sources */ = {isa = PBXBuildFile; fileRef = B026CA0D1D954EE000B08509 /* ThirdViewController.m */; };
		B026CA111D954EE900B08509 /* FourthViewController.m in Sources */ = {isa = PBXBuildFile; fileRef = B026CA101D954EE900B08509 /* FourthViewController.m */; };
		B026CA161D95520300B08509 /* MainOneViewController.m in Sources */ = {isa = PBXBuildFile; fileRef = B026CA151D95520300B08509 /* MainOneViewController.m */; };
		B026CA191D95521300B08509 /* MaintwoViewController.m in Sources */ = {isa = PBXBuildFile; fileRef = B026CA181D95521300B08509 /* MaintwoViewController.m */; };
		B026CA1C1D95521F00B08509 /* MainThreeViewController.m in Sources */ = {isa = PBXBuildFile; fileRef = B026CA1B1D95521F00B08509 /* MainThreeViewController.m */; };
		B026CA1F1D95522900B08509 /* MainFourViewController.m in Sources */ = {isa = PBXBuildFile; fileRef = B026CA1E1D95522900B08509 /* MainFourViewController.m */; };
		B026CA221D95522F00B08509 /* MainFiveViewController.m in Sources */ = {isa = PBXBuildFile; fileRef = B026CA211D95522F00B08509 /* MainFiveViewController.m */; };
		B026CA251D95523D00B08509 /* MainSixViewController.m in Sources */ = {isa = PBXBuildFile; fileRef = B026CA241D95523D00B08509 /* MainSixViewController.m */; };
		B026CA281D95524B00B08509 /* SevenViewController.m in Sources */ = {isa = PBXBuildFile; fileRef = B026CA271D95524B00B08509 /* SevenViewController.m */; };
		B026CA2B1D95525800B08509 /* MainEigttViewController.m in Sources */ = {isa = PBXBuildFile; fileRef = B026CA2A1D95525800B08509 /* MainEigttViewController.m */; };
		B026CA2E1D95527D00B08509 /* MainNineViewController.m in Sources */ = {isa = PBXBuildFile; fileRef = B026CA2D1D95527D00B08509 /* MainNineViewController.m */; };
		B026CA351D95550000B08509 /* SGTopTitleView.m in Sources */ = {isa = PBXBuildFile; fileRef = B026CA321D95550000B08509 /* SGTopTitleView.m */; };
		B026CA361D95550000B08509 /* UIView+SGExtension.m in Sources */ = {isa = PBXBuildFile; fileRef = B026CA341D95550000B08509 /* UIView+SGExtension.m */; };
		B026CA511D95552200B08509 /* MASCompositeConstraint.m in Sources */ = {isa = PBXBuildFile; fileRef = B026CA391D95552200B08509 /* MASCompositeConstraint.m */; };
		B026CA521D95552200B08509 /* MASConstraint.m in Sources */ = {isa = PBXBuildFile; fileRef = B026CA3C1D95552200B08509 /* MASConstraint.m */; };
		B026CA531D95552200B08509 /* MASConstraintMaker.m in Sources */ = {isa = PBXBuildFile; fileRef = B026CA3E1D95552200B08509 /* MASConstraintMaker.m */; };
		B026CA541D95552200B08509 /* MASLayoutConstraint.m in Sources */ = {isa = PBXBuildFile; fileRef = B026CA401D95552200B08509 /* MASLayoutConstraint.m */; };
		B026CA551D95552200B08509 /* MASViewAttribute.m in Sources */ = {isa = PBXBuildFile; fileRef = B026CA441D95552200B08509 /* MASViewAttribute.m */; };
		B026CA561D95552200B08509 /* MASViewConstraint.m in Sources */ = {isa = PBXBuildFile; fileRef = B026CA461D95552200B08509 /* MASViewConstraint.m */; };
		B026CA571D95552200B08509 /* NSArray+MASAdditions.m in Sources */ = {isa = PBXBuildFile; fileRef = B026CA481D95552200B08509 /* NSArray+MASAdditions.m */; };
		B026CA581D95552200B08509 /* NSLayoutConstraint+MASDebugAdditions.m in Sources */ = {isa = PBXBuildFile; fileRef = B026CA4B1D95552200B08509 /* NSLayoutConstraint+MASDebugAdditions.m */; };
		B026CA591D95552200B08509 /* View+MASAdditions.m in Sources */ = {isa = PBXBuildFile; fileRef = B026CA4D1D95552200B08509 /* View+MASAdditions.m */; };
		B026CA5A1D95552200B08509 /* ViewController+MASAdditions.m in Sources */ = {isa = PBXBuildFile; fileRef = B026CA501D95552200B08509 /* ViewController+MASAdditions.m */; };
		B026CA5D1D95604800B08509 /* ZCScrollView.m in Sources */ = {isa = PBXBuildFile; fileRef = B026CA5C1D95604800B08509 /* ZCScrollView.m */; };
/* End PBXBuildFile section */

/* Begin PBXFileReference section */
		B026C9DD1D954BCF00B08509 /* ZCScrollView Demo.app */ = {isa = PBXFileReference; explicitFileType = wrapper.application; includeInIndex = 0; path = "ZCScrollView Demo.app"; sourceTree = BUILT_PRODUCTS_DIR; };
		B026C9E11D954BCF00B08509 /* main.m */ = {isa = PBXFileReference; lastKnownFileType = sourcecode.c.objc; path = main.m; sourceTree = "<group>"; };
		B026C9E31D954BCF00B08509 /* AppDelegate.h */ = {isa = PBXFileReference; lastKnownFileType = sourcecode.c.h; path = AppDelegate.h; sourceTree = "<group>"; };
		B026C9E41D954BCF00B08509 /* AppDelegate.m */ = {isa = PBXFileReference; lastKnownFileType = sourcecode.c.objc; path = AppDelegate.m; sourceTree = "<group>"; };
		B026C9E61D954BCF00B08509 /* ViewController.h */ = {isa = PBXFileReference; lastKnownFileType = sourcecode.c.h; path = ViewController.h; sourceTree = "<group>"; };
		B026C9E71D954BCF00B08509 /* ViewController.m */ = {isa = PBXFileReference; lastKnownFileType = sourcecode.c.objc; path = ViewController.m; sourceTree = "<group>"; };
		B026C9EA1D954BCF00B08509 /* Base */ = {isa = PBXFileReference; lastKnownFileType = file.storyboard; name = Base; path = Base.lproj/Main.storyboard; sourceTree = "<group>"; };
		B026C9EC1D954BCF00B08509 /* Assets.xcassets */ = {isa = PBXFileReference; lastKnownFileType = folder.assetcatalog; path = Assets.xcassets; sourceTree = "<group>"; };
		B026C9EF1D954BCF00B08509 /* Base */ = {isa = PBXFileReference; lastKnownFileType = file.storyboard; name = Base; path = Base.lproj/LaunchScreen.storyboard; sourceTree = "<group>"; };
		B026C9F11D954BCF00B08509 /* Info.plist */ = {isa = PBXFileReference; lastKnownFileType = text.plist.xml; path = Info.plist; sourceTree = "<group>"; };
		B026CA021D954D6000B08509 /* BaseTabBarViewController.h */ = {isa = PBXFileReference; fileEncoding = 4; lastKnownFileType = sourcecode.c.h; path = BaseTabBarViewController.h; sourceTree = "<group>"; };
		B026CA031D954D6000B08509 /* BaseTabBarViewController.m */ = {isa = PBXFileReference; fileEncoding = 4; lastKnownFileType = sourcecode.c.objc; path = BaseTabBarViewController.m; sourceTree = "<group>"; };
		B026CA051D954D9A00B08509 /* Config.h */ = {isa = PBXFileReference; lastKnownFileType = sourcecode.c.h; path = Config.h; sourceTree = "<group>"; };
		B026CA061D954EA700B08509 /* MainViewController.h */ = {isa = PBXFileReference; fileEncoding = 4; lastKnownFileType = sourcecode.c.h; path = MainViewController.h; sourceTree = "<group>"; };
		B026CA071D954EA700B08509 /* MainViewController.m */ = {isa = PBXFileReference; fileEncoding = 4; lastKnownFileType = sourcecode.c.objc; path = MainViewController.m; sourceTree = "<group>"; };
		B026CA091D954ED500B08509 /* SencondViewController.h */ = {isa = PBXFileReference; fileEncoding = 4; lastKnownFileType = sourcecode.c.h; path = SencondViewController.h; sourceTree = "<group>"; };
		B026CA0A1D954ED500B08509 /* SencondViewController.m */ = {isa = PBXFileReference; fileEncoding = 4; lastKnownFileType = sourcecode.c.objc; path = SencondViewController.m; sourceTree = "<group>"; };
		B026CA0C1D954EE000B08509 /* ThirdViewController.h */ = {isa = PBXFileReference; fileEncoding = 4; lastKnownFileType = sourcecode.c.h; path = ThirdViewController.h; sourceTree = "<group>"; };
		B026CA0D1D954EE000B08509 /* ThirdViewController.m */ = {isa = PBXFileReference; fileEncoding = 4; lastKnownFileType = sourcecode.c.objc; path = ThirdViewController.m; sourceTree = "<group>"; };
		B026CA0F1D954EE900B08509 /* FourthViewController.h */ = {isa = PBXFileReference; fileEncoding = 4; lastKnownFileType = sourcecode.c.h; path = FourthViewController.h; sourceTree = "<group>"; };
		B026CA101D954EE900B08509 /* FourthViewController.m */ = {isa = PBXFileReference; fileEncoding = 4; lastKnownFileType = sourcecode.c.objc; path = FourthViewController.m; sourceTree = "<group>"; };
		B026CA141D95520300B08509 /* MainOneViewController.h */ = {isa = PBXFileReference; fileEncoding = 4; lastKnownFileType = sourcecode.c.h; path = MainOneViewController.h; sourceTree = "<group>"; };
		B026CA151D95520300B08509 /* MainOneViewController.m */ = {isa = PBXFileReference; fileEncoding = 4; lastKnownFileType = sourcecode.c.objc; path = MainOneViewController.m; sourceTree = "<group>"; };
		B026CA171D95521300B08509 /* MaintwoViewController.h */ = {isa = PBXFileReference; fileEncoding = 4; lastKnownFileType = sourcecode.c.h; path = MaintwoViewController.h; sourceTree = "<group>"; };
		B026CA181D95521300B08509 /* MaintwoViewController.m */ = {isa = PBXFileReference; fileEncoding = 4; lastKnownFileType = sourcecode.c.objc; path = MaintwoViewController.m; sourceTree = "<group>"; };
		B026CA1A1D95521F00B08509 /* MainThreeViewController.h */ = {isa = PBXFileReference; fileEncoding = 4; lastKnownFileType = sourcecode.c.h; path = MainThreeViewController.h; sourceTree = "<group>"; };
		B026CA1B1D95521F00B08509 /* MainThreeViewController.m */ = {isa = PBXFileReference; fileEncoding = 4; lastKnownFileType = sourcecode.c.objc; path = MainThreeViewController.m; sourceTree = "<group>"; };
		B026CA1D1D95522900B08509 /* MainFourViewController.h */ = {isa = PBXFileReference; fileEncoding = 4; lastKnownFileType = sourcecode.c.h; path = MainFourViewController.h; sourceTree = "<group>"; };
		B026CA1E1D95522900B08509 /* MainFourViewController.m */ = {isa = PBXFileReference; fileEncoding = 4; lastKnownFileType = sourcecode.c.objc; path = MainFourViewController.m; sourceTree = "<group>"; };
		B026CA201D95522F00B08509 /* MainFiveViewController.h */ = {isa = PBXFileReference; fileEncoding = 4; lastKnownFileType = sourcecode.c.h; path = MainFiveViewController.h; sourceTree = "<group>"; };
		B026CA211D95522F00B08509 /* MainFiveViewController.m */ = {isa = PBXFileReference; fileEncoding = 4; lastKnownFileType = sourcecode.c.objc; path = MainFiveViewController.m; sourceTree = "<group>"; };
		B026CA231D95523D00B08509 /* MainSixViewController.h */ = {isa = PBXFileReference; fileEncoding = 4; lastKnownFileType = sourcecode.c.h; path = MainSixViewController.h; sourceTree = "<group>"; };
		B026CA241D95523D00B08509 /* MainSixViewController.m */ = {isa = PBXFileReference; fileEncoding = 4; lastKnownFileType = sourcecode.c.objc; path = MainSixViewController.m; sourceTree = "<group>"; };
		B026CA261D95524B00B08509 /* SevenViewController.h */ = {isa = PBXFileReference; fileEncoding = 4; lastKnownFileType = sourcecode.c.h; path = SevenViewController.h; sourceTree = "<group>"; };
		B026CA271D95524B00B08509 /* SevenViewController.m */ = {isa = PBXFileReference; fileEncoding = 4; lastKnownFileType = sourcecode.c.objc; path = SevenViewController.m; sourceTree = "<group>"; };
		B026CA291D95525800B08509 /* MainEigttViewController.h */ = {isa = PBXFileReference; fileEncoding = 4; lastKnownFileType = sourcecode.c.h; path = MainEigttViewController.h; sourceTree = "<group>"; };
		B026CA2A1D95525800B08509 /* MainEigttViewController.m */ = {isa = PBXFileReference; fileEncoding = 4; lastKnownFileType = sourcecode.c.objc; path = MainEigttViewController.m; sourceTree = "<group>"; };
		B026CA2C1D95527D00B08509 /* MainNineViewController.h */ = {isa = PBXFileReference; fileEncoding = 4; lastKnownFileType = sourcecode.c.h; path = MainNineViewController.h; sourceTree = "<group>"; };
		B026CA2D1D95527D00B08509 /* MainNineViewController.m */ = {isa = PBXFileReference; fileEncoding = 4; lastKnownFileType = sourcecode.c.objc; path = MainNineViewController.m; sourceTree = "<group>"; };
		B026CA311D95550000B08509 /* SGTopTitleView.h */ = {isa = PBXFileReference; fileEncoding = 4; lastKnownFileType = sourcecode.c.h; path = SGTopTitleView.h; sourceTree = "<group>"; };
		B026CA321D95550000B08509 /* SGTopTitleView.m */ = {isa = PBXFileReference; fileEncoding = 4; lastKnownFileType = sourcecode.c.objc; path = SGTopTitleView.m; sourceTree = "<group>"; };
		B026CA331D95550000B08509 /* UIView+SGExtension.h */ = {isa = PBXFileReference; fileEncoding = 4; lastKnownFileType = sourcecode.c.h; path = "UIView+SGExtension.h"; sourceTree = "<group>"; };
		B026CA341D95550000B08509 /* UIView+SGExtension.m */ = {isa = PBXFileReference; fileEncoding = 4; lastKnownFileType = sourcecode.c.objc; path = "UIView+SGExtension.m"; sourceTree = "<group>"; };
		B026CA381D95552200B08509 /* MASCompositeConstraint.h */ = {isa = PBXFileReference; fileEncoding = 4; lastKnownFileType = sourcecode.c.h; path = MASCompositeConstraint.h; sourceTree = "<group>"; };
		B026CA391D95552200B08509 /* MASCompositeConstraint.m */ = {isa = PBXFileReference; fileEncoding = 4; lastKnownFileType = sourcecode.c.objc; path = MASCompositeConstraint.m; sourceTree = "<group>"; };
		B026CA3A1D95552200B08509 /* MASConstraint+Private.h */ = {isa = PBXFileReference; fileEncoding = 4; lastKnownFileType = sourcecode.c.h; path = "MASConstraint+Private.h"; sourceTree = "<group>"; };
		B026CA3B1D95552200B08509 /* MASConstraint.h */ = {isa = PBXFileReference; fileEncoding = 4; lastKnownFileType = sourcecode.c.h; path = MASConstraint.h; sourceTree = "<group>"; };
		B026CA3C1D95552200B08509 /* MASConstraint.m */ = {isa = PBXFileReference; fileEncoding = 4; lastKnownFileType = sourcecode.c.objc; path = MASConstraint.m; sourceTree = "<group>"; };
		B026CA3D1D95552200B08509 /* MASConstraintMaker.h */ = {isa = PBXFileReference; fileEncoding = 4; lastKnownFileType = sourcecode.c.h; path = MASConstraintMaker.h; sourceTree = "<group>"; };
		B026CA3E1D95552200B08509 /* MASConstraintMaker.m */ = {isa = PBXFileReference; fileEncoding = 4; lastKnownFileType = sourcecode.c.objc; path = MASConstraintMaker.m; sourceTree = "<group>"; };
		B026CA3F1D95552200B08509 /* MASLayoutConstraint.h */ = {isa = PBXFileReference; fileEncoding = 4; lastKnownFileType = sourcecode.c.h; path = MASLayoutConstraint.h; sourceTree = "<group>"; };
		B026CA401D95552200B08509 /* MASLayoutConstraint.m */ = {isa = PBXFileReference; fileEncoding = 4; lastKnownFileType = sourcecode.c.objc; path = MASLayoutConstraint.m; sourceTree = "<group>"; };
		B026CA411D95552200B08509 /* Masonry.h */ = {isa = PBXFileReference; fileEncoding = 4; lastKnownFileType = sourcecode.c.h; path = Masonry.h; sourceTree = "<group>"; };
		B026CA421D95552200B08509 /* MASUtilities.h */ = {isa = PBXFileReference; fileEncoding = 4; lastKnownFileType = sourcecode.c.h; path = MASUtilities.h; sourceTree = "<group>"; };
		B026CA431D95552200B08509 /* MASViewAttribute.h */ = {isa = PBXFileReference; fileEncoding = 4; lastKnownFileType = sourcecode.c.h; path = MASViewAttribute.h; sourceTree = "<group>"; };
		B026CA441D95552200B08509 /* MASViewAttribute.m */ = {isa = PBXFileReference; fileEncoding = 4; lastKnownFileType = sourcecode.c.objc; path = MASViewAttribute.m; sourceTree = "<group>"; };
		B026CA451D95552200B08509 /* MASViewConstraint.h */ = {isa = PBXFileReference; fileEncoding = 4; lastKnownFileType = sourcecode.c.h; path = MASViewConstraint.h; sourceTree = "<group>"; };
		B026CA461D95552200B08509 /* MASViewConstraint.m */ = {isa = PBXFileReference; fileEncoding = 4; lastKnownFileType = sourcecode.c.objc; path = MASViewConstraint.m; sourceTree = "<group>"; };
		B026CA471D95552200B08509 /* NSArray+MASAdditions.h */ = {isa = PBXFileReference; fileEncoding = 4; lastKnownFileType = sourcecode.c.h; path = "NSArray+MASAdditions.h"; sourceTree = "<group>"; };
		B026CA481D95552200B08509 /* NSArray+MASAdditions.m */ = {isa = PBXFileReference; fileEncoding = 4; lastKnownFileType = sourcecode.c.objc; path = "NSArray+MASAdditions.m"; sourceTree = "<group>"; };
		B026CA491D95552200B08509 /* NSArray+MASShorthandAdditions.h */ = {isa = PBXFileReference; fileEncoding = 4; lastKnownFileType = sourcecode.c.h; path = "NSArray+MASShorthandAdditions.h"; sourceTree = "<group>"; };
		B026CA4A1D95552200B08509 /* NSLayoutConstraint+MASDebugAdditions.h */ = {isa = PBXFileReference; fileEncoding = 4; lastKnownFileType = sourcecode.c.h; path = "NSLayoutConstraint+MASDebugAdditions.h"; sourceTree = "<group>"; };
		B026CA4B1D95552200B08509 /* NSLayoutConstraint+MASDebugAdditions.m */ = {isa = PBXFileReference; fileEncoding = 4; lastKnownFileType = sourcecode.c.objc; path = "NSLayoutConstraint+MASDebugAdditions.m"; sourceTree = "<group>"; };
		B026CA4C1D95552200B08509 /* View+MASAdditions.h */ = {isa = PBXFileReference; fileEncoding = 4; lastKnownFileType = sourcecode.c.h; path = "View+MASAdditions.h"; sourceTree = "<group>"; };
		B026CA4D1D95552200B08509 /* View+MASAdditions.m */ = {isa = PBXFileReference; fileEncoding = 4; lastKnownFileType = sourcecode.c.objc; path = "View+MASAdditions.m"; sourceTree = "<group>"; };
		B026CA4E1D95552200B08509 /* View+MASShorthandAdditions.h */ = {isa = PBXFileReference; fileEncoding = 4; lastKnownFileType = sourcecode.c.h; path = "View+MASShorthandAdditions.h"; sourceTree = "<group>"; };
		B026CA4F1D95552200B08509 /* ViewController+MASAdditions.h */ = {isa = PBXFileReference; fileEncoding = 4; lastKnownFileType = sourcecode.c.h; path = "ViewController+MASAdditions.h"; sourceTree = "<group>"; };
		B026CA501D95552200B08509 /* ViewController+MASAdditions.m */ = {isa = PBXFileReference; fileEncoding = 4; lastKnownFileType = sourcecode.c.objc; path = "ViewController+MASAdditions.m"; sourceTree = "<group>"; };
		B026CA5B1D95604800B08509 /* ZCScrollView.h */ = {isa = PBXFileReference; fileEncoding = 4; lastKnownFileType = sourcecode.c.h; path = ZCScrollView.h; sourceTree = "<group>"; };
		B026CA5C1D95604800B08509 /* ZCScrollView.m */ = {isa = PBXFileReference; fileEncoding = 4; lastKnownFileType = sourcecode.c.objc; path = ZCScrollView.m; sourceTree = "<group>"; };
/* End PBXFileReference section */

/* Begin PBXFrameworksBuildPhase section */
		B026C9DA1D954BCF00B08509 /* Frameworks */ = {
			isa = PBXFrameworksBuildPhase;
			buildActionMask = 2147483647;
			files = (
			);
			runOnlyForDeploymentPostprocessing = 0;
		};
/* End PBXFrameworksBuildPhase section */

/* Begin PBXGroup section */
		B026C9D41D954BCF00B08509 = {
			isa = PBXGroup;
			children = (
				B026C9DF1D954BCF00B08509 /* Project */,
				B026C9DE1D954BCF00B08509 /* Products */,
			);
			sourceTree = "<group>";
		};
		B026C9DE1D954BCF00B08509 /* Products */ = {
			isa = PBXGroup;
			children = (
				B026C9DD1D954BCF00B08509 /* ZCScrollView Demo.app */,
			);
			name = Products;
			sourceTree = "<group>";
		};
		B026C9DF1D954BCF00B08509 /* Project */ = {
			isa = PBXGroup;
			children = (
				B026CA011D954C4400B08509 /* AppDelegate */,
				B026CA001D954C3C00B08509 /* Controllers */,
				B026C9FF1D954C3400B08509 /* Views */,
				B026C9FE1D954C2E00B08509 /* Models */,
				B026C9FD1D954C2200B08509 /* Cells */,
				B026C9FC1D954C1000B08509 /* Category */,
				B026C9FB1D954C0A00B08509 /* Libs */,
				B026C9FA1D954BFC00B08509 /* Interface */,
				B026C9F91D954BEF00B08509 /* Config */,
				B026C9F81D954BE900B08509 /* Base */,
				B026C9F71D954BE100B08509 /* Manager */,
				B026C9E61D954BCF00B08509 /* ViewController.h */,
				B026C9E71D954BCF00B08509 /* ViewController.m */,
				B026C9E91D954BCF00B08509 /* Main.storyboard */,
				B026C9EC1D954BCF00B08509 /* Assets.xcassets */,
				B026C9EE1D954BCF00B08509 /* LaunchScreen.storyboard */,
				B026C9F11D954BCF00B08509 /* Info.plist */,
				B026C9E01D954BCF00B08509 /* Supporting Files */,
			);
			path = Project;
			sourceTree = "<group>";
		};
		B026C9E01D954BCF00B08509 /* Supporting Files */ = {
			isa = PBXGroup;
			children = (
				B026C9E11D954BCF00B08509 /* main.m */,
			);
			name = "Supporting Files";
			sourceTree = "<group>";
		};
		B026C9F71D954BE100B08509 /* Manager */ = {
			isa = PBXGroup;
			children = (
			);
			name = Manager;
			sourceTree = "<group>";
		};
		B026C9F81D954BE900B08509 /* Base */ = {
			isa = PBXGroup;
			children = (
				B026CA021D954D6000B08509 /* BaseTabBarViewController.h */,
				B026CA031D954D6000B08509 /* BaseTabBarViewController.m */,
			);
			name = Base;
			sourceTree = "<group>";
		};
		B026C9F91D954BEF00B08509 /* Config */ = {
			isa = PBXGroup;
			children = (
				B026CA051D954D9A00B08509 /* Config.h */,
			);
			name = Config;
			sourceTree = "<group>";
		};
		B026C9FA1D954BFC00B08509 /* Interface */ = {
			isa = PBXGroup;
			children = (
			);
			name = Interface;
			sourceTree = "<group>";
		};
		B026C9FB1D954C0A00B08509 /* Libs */ = {
			isa = PBXGroup;
			children = (
				B026CA371D95552200B08509 /* Masonry */,
				B026CA301D95550000B08509 /* SGTopTitleView */,
			);
			name = Libs;
			sourceTree = "<group>";
		};
		B026C9FC1D954C1000B08509 /* Category */ = {
			isa = PBXGroup;
			children = (
			);
			name = Category;
			sourceTree = "<group>";
		};
		B026C9FD1D954C2200B08509 /* Cells */ = {
			isa = PBXGroup;
			children = (
			);
			name = Cells;
			sourceTree = "<group>";
		};
		B026C9FE1D954C2E00B08509 /* Models */ = {
			isa = PBXGroup;
			children = (
			);
			name = Models;
			sourceTree = "<group>";
		};
		B026C9FF1D954C3400B08509 /* Views */ = {
			isa = PBXGroup;
			children = (
				B026CA5B1D95604800B08509 /* ZCScrollView.h */,
				B026CA5C1D95604800B08509 /* ZCScrollView.m */,
			);
			name = Views;
			sourceTree = "<group>";
		};
		B026CA001D954C3C00B08509 /* Controllers */ = {
			isa = PBXGroup;
			children = (
				B026CA121D9551A800B08509 /* MainViewControllers */,
				B026CA131D9551B900B08509 /* Others */,
			);
			name = Controllers;
			sourceTree = "<group>";
		};
		B026CA011D954C4400B08509 /* AppDelegate */ = {
			isa = PBXGroup;
			children = (
				B026C9E31D954BCF00B08509 /* AppDelegate.h */,
				B026C9E41D954BCF00B08509 /* AppDelegate.m */,
			);
			name = AppDelegate;
			sourceTree = "<group>";
		};
		B026CA121D9551A800B08509 /* MainViewControllers */ = {
			isa = PBXGroup;
			children = (
				B026CA2F1D95528700B08509 /* MainViewControllers */,
				B026CA061D954EA700B08509 /* MainViewController.h */,
				B026CA071D954EA700B08509 /* MainViewController.m */,
			);
			name = MainViewControllers;
			sourceTree = "<group>";
		};
		B026CA131D9551B900B08509 /* Others */ = {
			isa = PBXGroup;
			children = (
				B026CA091D954ED500B08509 /* SencondViewController.h */,
				B026CA0A1D954ED500B08509 /* SencondViewController.m */,
				B026CA0C1D954EE000B08509 /* ThirdViewController.h */,
				B026CA0D1D954EE000B08509 /* ThirdViewController.m */,
				B026CA0F1D954EE900B08509 /* FourthViewController.h */,
				B026CA101D954EE900B08509 /* FourthViewController.m */,
			);
			name = Others;
			sourceTree = "<group>";
		};
		B026CA2F1D95528700B08509 /* MainViewControllers */ = {
			isa = PBXGroup;
			children = (
				B026CA141D95520300B08509 /* MainOneViewController.h */,
				B026CA151D95520300B08509 /* MainOneViewController.m */,
				B026CA171D95521300B08509 /* MaintwoViewController.h */,
				B026CA181D95521300B08509 /* MaintwoViewController.m */,
				B026CA1A1D95521F00B08509 /* MainThreeViewController.h */,
				B026CA1B1D95521F00B08509 /* MainThreeViewController.m */,
				B026CA1D1D95522900B08509 /* MainFourViewController.h */,
				B026CA1E1D95522900B08509 /* MainFourViewController.m */,
				B026CA201D95522F00B08509 /* MainFiveViewController.h */,
				B026CA211D95522F00B08509 /* MainFiveViewController.m */,
				B026CA231D95523D00B08509 /* MainSixViewController.h */,
				B026CA241D95523D00B08509 /* MainSixViewController.m */,
				B026CA261D95524B00B08509 /* SevenViewController.h */,
				B026CA271D95524B00B08509 /* SevenViewController.m */,
				B026CA291D95525800B08509 /* MainEigttViewController.h */,
				B026CA2A1D95525800B08509 /* MainEigttViewController.m */,
				B026CA2C1D95527D00B08509 /* MainNineViewController.h */,
				B026CA2D1D95527D00B08509 /* MainNineViewController.m */,
			);
			name = MainViewControllers;
			sourceTree = "<group>";
		};
		B026CA301D95550000B08509 /* SGTopTitleView */ = {
			isa = PBXGroup;
			children = (
				B026CA311D95550000B08509 /* SGTopTitleView.h */,
				B026CA321D95550000B08509 /* SGTopTitleView.m */,
				B026CA331D95550000B08509 /* UIView+SGExtension.h */,
				B026CA341D95550000B08509 /* UIView+SGExtension.m */,
			);
			path = SGTopTitleView;
			sourceTree = "<group>";
		};
		B026CA371D95552200B08509 /* Masonry */ = {
			isa = PBXGroup;
			children = (
				B026CA381D95552200B08509 /* MASCompositeConstraint.h */,
				B026CA391D95552200B08509 /* MASCompositeConstraint.m */,
				B026CA3A1D95552200B08509 /* MASConstraint+Private.h */,
				B026CA3B1D95552200B08509 /* MASConstraint.h */,
				B026CA3C1D95552200B08509 /* MASConstraint.m */,
				B026CA3D1D95552200B08509 /* MASConstraintMaker.h */,
				B026CA3E1D95552200B08509 /* MASConstraintMaker.m */,
				B026CA3F1D95552200B08509 /* MASLayoutConstraint.h */,
				B026CA401D95552200B08509 /* MASLayoutConstraint.m */,
				B026CA411D95552200B08509 /* Masonry.h */,
				B026CA421D95552200B08509 /* MASUtilities.h */,
				B026CA431D95552200B08509 /* MASViewAttribute.h */,
				B026CA441D95552200B08509 /* MASViewAttribute.m */,
				B026CA451D95552200B08509 /* MASViewConstraint.h */,
				B026CA461D95552200B08509 /* MASViewConstraint.m */,
				B026CA471D95552200B08509 /* NSArray+MASAdditions.h */,
				B026CA481D95552200B08509 /* NSArray+MASAdditions.m */,
				B026CA491D95552200B08509 /* NSArray+MASShorthandAdditions.h */,
				B026CA4A1D95552200B08509 /* NSLayoutConstraint+MASDebugAdditions.h */,
				B026CA4B1D95552200B08509 /* NSLayoutConstraint+MASDebugAdditions.m */,
				B026CA4C1D95552200B08509 /* View+MASAdditions.h */,
				B026CA4D1D95552200B08509 /* View+MASAdditions.m */,
				B026CA4E1D95552200B08509 /* View+MASShorthandAdditions.h */,
				B026CA4F1D95552200B08509 /* ViewController+MASAdditions.h */,
				B026CA501D95552200B08509 /* ViewController+MASAdditions.m */,
			);
			path = Masonry;
			sourceTree = "<group>";
		};
/* End PBXGroup section */

/* Begin PBXNativeTarget section */
		B026C9DC1D954BCF00B08509 /* ZCScrollView Demo */ = {
			isa = PBXNativeTarget;
			buildConfigurationList = B026C9F41D954BCF00B08509 /* Build configuration list for PBXNativeTarget "ZCScrollView Demo" */;
			buildPhases = (
				B026C9D91D954BCF00B08509 /* Sources */,
				B026C9DA1D954BCF00B08509 /* Frameworks */,
				B026C9DB1D954BCF00B08509 /* Resources */,
			);
			buildRules = (
			);
			dependencies = (
			);
			name = "ZCScrollView Demo";
			productName = Project;
			productReference = B026C9DD1D954BCF00B08509 /* ZCScrollView Demo.app */;
			productType = "com.apple.product-type.application";
		};
/* End PBXNativeTarget section */

/* Begin PBXProject section */
		B026C9D51D954BCF00B08509 /* Project object */ = {
			isa = PBXProject;
			attributes = {
				LastUpgradeCheck = 0800;
				ORGANIZATIONNAME = zc;
				TargetAttributes = {
					B026C9DC1D954BCF00B08509 = {
						CreatedOnToolsVersion = 8.0;
						DevelopmentTeam = 367AMTMXH2;
						ProvisioningStyle = Automatic;
					};
				};
			};
			buildConfigurationList = B026C9D81D954BCF00B08509 /* Build configuration list for PBXProject "ZCScrollView Demo" */;
			compatibilityVersion = "Xcode 3.2";
			developmentRegion = English;
			hasScannedForEncodings = 0;
			knownRegions = (
				en,
				Base,
			);
			mainGroup = B026C9D41D954BCF00B08509;
			productRefGroup = B026C9DE1D954BCF00B08509 /* Products */;
			projectDirPath = "";
			projectRoot = "";
			targets = (
				B026C9DC1D954BCF00B08509 /* ZCScrollView Demo */,
			);
		};
/* End PBXProject section */

/* Begin PBXResourcesBuildPhase section */
		B026C9DB1D954BCF00B08509 /* Resources */ = {
			isa = PBXResourcesBuildPhase;
			buildActionMask = 2147483647;
			files = (
				B026C9F01D954BCF00B08509 /* LaunchScreen.storyboard in Resources */,
				B026C9ED1D954BCF00B08509 /* Assets.xcassets in Resources */,
				B026C9EB1D954BCF00B08509 /* Main.storyboard in Resources */,
			);
			runOnlyForDeploymentPostprocessing = 0;
		};
/* End PBXResourcesBuildPhase section */

/* Begin PBXSourcesBuildPhase section */
		B026C9D91D954BCF00B08509 /* Sources */ = {
			isa = PBXSourcesBuildPhase;
			buildActionMask = 2147483647;
			files = (
				B026CA111D954EE900B08509 /* FourthViewController.m in Sources */,
				B026CA281D95524B00B08509 /* SevenViewController.m in Sources */,
				B026CA571D95552200B08509 /* NSArray+MASAdditions.m in Sources */,
				B026CA2E1D95527D00B08509 /* MainNineViewController.m in Sources */,
				B026CA351D95550000B08509 /* SGTopTitleView.m in Sources */,
				B026CA511D95552200B08509 /* MASCompositeConstraint.m in Sources */,
				B026CA551D95552200B08509 /* MASViewAttribute.m in Sources */,
				B026CA521D95552200B08509 /* MASConstraint.m in Sources */,
				B026CA161D95520300B08509 /* MainOneViewController.m in Sources */,
				B026CA191D95521300B08509 /* MaintwoViewController.m in Sources */,
				B026CA361D95550000B08509 /* UIView+SGExtension.m in Sources */,
				B026CA581D95552200B08509 /* NSLayoutConstraint+MASDebugAdditions.m in Sources */,
				B026CA531D95552200B08509 /* MASConstraintMaker.m in Sources */,
				B026C9E81D954BCF00B08509 /* ViewController.m in Sources */,
				B026CA2B1D95525800B08509 /* MainEigttViewController.m in Sources */,
				B026CA541D95552200B08509 /* MASLayoutConstraint.m in Sources */,
				B026C9E51D954BCF00B08509 /* AppDelegate.m in Sources */,
				B026CA561D95552200B08509 /* MASViewConstraint.m in Sources */,
				B026C9E21D954BCF00B08509 /* main.m in Sources */,
				B026CA221D95522F00B08509 /* MainFiveViewController.m in Sources */,
				B026CA591D95552200B08509 /* View+MASAdditions.m in Sources */,
				B026CA1C1D95521F00B08509 /* MainThreeViewController.m in Sources */,
				B026CA1F1D95522900B08509 /* MainFourViewController.m in Sources */,
				B026CA081D954EA700B08509 /* MainViewController.m in Sources */,
				B026CA041D954D6000B08509 /* BaseTabBarViewController.m in Sources */,
				B026CA5A1D95552200B08509 /* ViewController+MASAdditions.m in Sources */,
				B026CA0B1D954ED500B08509 /* SencondViewController.m in Sources */,
				B026CA251D95523D00B08509 /* MainSixViewController.m in Sources */,
				B026CA5D1D95604800B08509 /* ZCScrollView.m in Sources */,
				B026CA0E1D954EE000B08509 /* ThirdViewController.m in Sources */,
			);
			runOnlyForDeploymentPostprocessing = 0;
		};
/* End PBXSourcesBuildPhase section */

/* Begin PBXVariantGroup section */
		B026C9E91D954BCF00B08509 /* Main.storyboard */ = {
			isa = PBXVariantGroup;
			children = (
				B026C9EA1D954BCF00B08509 /* Base */,
			);
			name = Main.storyboard;
			sourceTree = "<group>";
		};
		B026C9EE1D954BCF00B08509 /* LaunchScreen.storyboard */ = {
			isa = PBXVariantGroup;
			children = (
				B026C9EF1D954BCF00B08509 /* Base */,
			);
			name = LaunchScreen.storyboard;
			sourceTree = "<group>";
		};
/* End PBXVariantGroup section */

/* Begin XCBuildConfiguration section */
		B026C9F21D954BCF00B08509 /* Debug */ = {
			isa = XCBuildConfiguration;
			buildSettings = {
				ALWAYS_SEARCH_USER_PATHS = NO;
				CLANG_ANALYZER_NONNULL = YES;
				CLANG_CXX_LANGUAGE_STANDARD = "gnu++0x";
				CLANG_CXX_LIBRARY = "libc++";
				CLANG_ENABLE_MODULES = YES;
				CLANG_ENABLE_OBJC_ARC = YES;
				CLANG_WARN_BOOL_CONVERSION = YES;
				CLANG_WARN_CONSTANT_CONVERSION = YES;
				CLANG_WARN_DIRECT_OBJC_ISA_USAGE = YES_ERROR;
				CLANG_WARN_DOCUMENTATION_COMMENTS = YES;
				CLANG_WARN_EMPTY_BODY = YES;
				CLANG_WARN_ENUM_CONVERSION = YES;
				CLANG_WARN_INFINITE_RECURSION = YES;
				CLANG_WARN_INT_CONVERSION = YES;
				CLANG_WARN_OBJC_ROOT_CLASS = YES_ERROR;
				CLANG_WARN_SUSPICIOUS_MOVES = YES;
				CLANG_WARN_UNREACHABLE_CODE = YES;
				CLANG_WARN__DUPLICATE_METHOD_MATCH = YES;
				"CODE_SIGN_IDENTITY[sdk=iphoneos*]" = "iPhone Developer";
				COPY_PHASE_STRIP = NO;
				DEBUG_INFORMATION_FORMAT = dwarf;
				ENABLE_STRICT_OBJC_MSGSEND = YES;
				ENABLE_TESTABILITY = YES;
				GCC_C_LANGUAGE_STANDARD = gnu99;
				GCC_DYNAMIC_NO_PIC = NO;
				GCC_NO_COMMON_BLOCKS = YES;
				GCC_OPTIMIZATION_LEVEL = 0;
				GCC_PREPROCESSOR_DEFINITIONS = (
					"DEBUG=1",
					"$(inherited)",
				);
				GCC_WARN_64_TO_32_BIT_CONVERSION = YES;
				GCC_WARN_ABOUT_RETURN_TYPE = YES_ERROR;
				GCC_WARN_UNDECLARED_SELECTOR = YES;
				GCC_WARN_UNINITIALIZED_AUTOS = YES_AGGRESSIVE;
				GCC_WARN_UNUSED_FUNCTION = YES;
				GCC_WARN_UNUSED_VARIABLE = YES;
				IPHONEOS_DEPLOYMENT_TARGET = 10.0;
				MTL_ENABLE_DEBUG_INFO = YES;
				ONLY_ACTIVE_ARCH = YES;
				SDKROOT = iphoneos;
			};
			name = Debug;
		};
		B026C9F31D954BCF00B08509 /* Release */ = {
			isa = XCBuildConfiguration;
			buildSettings = {
				ALWAYS_SEARCH_USER_PATHS = NO;
				CLANG_ANALYZER_NONNULL = YES;
				CLANG_CXX_LANGUAGE_STANDARD = "gnu++0x";
				CLANG_CXX_LIBRARY = "libc++";
				CLANG_ENABLE_MODULES = YES;
				CLANG_ENABLE_OBJC_ARC = YES;
				CLANG_WARN_BOOL_CONVERSION = YES;
				CLANG_WARN_CONSTANT_CONVERSION = YES;
				CLANG_WARN_DIRECT_OBJC_ISA_USAGE = YES_ERROR;
				CLANG_WARN_DOCUMENTATION_COMMENTS = YES;
				CLANG_WARN_EMPTY_BODY = YES;
				CLANG_WARN_ENUM_CONVERSION = YES;
				CLANG_WARN_INFINITE_RECURSION = YES;
				CLANG_WARN_INT_CONVERSION = YES;
				CLANG_WARN_OBJC_ROOT_CLASS = YES_ERROR;
				CLANG_WARN_SUSPICIOUS_MOVES = YES;
				CLANG_WARN_UNREACHABLE_CODE = YES;
				CLANG_WARN__DUPLICATE_METHOD_MATCH = YES;
				"CODE_SIGN_IDENTITY[sdk=iphoneos*]" = "iPhone Developer";
				COPY_PHASE_STRIP = NO;
				DEBUG_INFORMATION_FORMAT = "dwarf-with-dsym";
				ENABLE_NS_ASSERTIONS = NO;
				ENABLE_STRICT_OBJC_MSGSEND = YES;
				GCC_C_LANGUAGE_STANDARD = gnu99;
				GCC_NO_COMMON_BLOCKS = YES;
				GCC_WARN_64_TO_32_BIT_CONVERSION = YES;
				GCC_WARN_ABOUT_RETURN_TYPE = YES_ERROR;
				GCC_WARN_UNDECLARED_SELECTOR = YES;
				GCC_WARN_UNINITIALIZED_AUTOS = YES_AGGRESSIVE;
				GCC_WARN_UNUSED_FUNCTION = YES;
				GCC_WARN_UNUSED_VARIABLE = YES;
				IPHONEOS_DEPLOYMENT_TARGET = 10.0;
				MTL_ENABLE_DEBUG_INFO = NO;
				SDKROOT = iphoneos;
				VALIDATE_PRODUCT = YES;
			};
			name = Release;
		};
		B026C9F51D954BCF00B08509 /* Debug */ = {
			isa = XCBuildConfiguration;
			buildSettings = {
				ASSETCATALOG_COMPILER_APPICON_NAME = AppIcon;
				DEVELOPMENT_TEAM = 367AMTMXH2;
				INFOPLIST_FILE = Project/Info.plist;
				LD_RUNPATH_SEARCH_PATHS = "$(inherited) @executable_path/Frameworks";
				PRODUCT_BUNDLE_IDENTIFIER = com.zc.Project;
				PRODUCT_NAME = "$(TARGET_NAME)";
			};
			name = Debug;
		};
		B026C9F61D954BCF00B08509 /* Release */ = {
			isa = XCBuildConfiguration;
			buildSettings = {
				ASSETCATALOG_COMPILER_APPICON_NAME = AppIcon;
				DEVELOPMENT_TEAM = 367AMTMXH2;
				INFOPLIST_FILE = Project/Info.plist;
				LD_RUNPATH_SEARCH_PATHS = "$(inherited) @executable_path/Frameworks";
				PRODUCT_BUNDLE_IDENTIFIER = com.zc.Project;
				PRODUCT_NAME = "$(TARGET_NAME)";
			};
			name = Release;
		};
/* End XCBuildConfiguration section */

/* Begin XCConfigurationList section */
		B026C9D81D954BCF00B08509 /* Build configuration list for PBXProject "ZCScrollView Demo" */ = {
			isa = XCConfigurationList;
			buildConfigurations = (
				B026C9F21D954BCF00B08509 /* Debug */,
				B026C9F31D954BCF00B08509 /* Release */,
			);
			defaultConfigurationIsVisible = 0;
			defaultConfigurationName = Release;
		};
		B026C9F41D954BCF00B08509 /* Build configuration list for PBXNativeTarget "ZCScrollView Demo" */ = {
			isa = XCConfigurationList;
			buildConfigurations = (
				B026C9F51D954BCF00B08509 /* Debug */,
				B026C9F61D954BCF00B08509 /* Release */,
			);
			defaultConfigurationIsVisible = 0;
			defaultConfigurationName = Release;
		};
/* End XCConfigurationList section */
	};
	rootObject = B026C9D51D954BCF00B08509 /* Project object */;
}
